{
  "name": "merklio-frontend",
  "version": "1.0.0",
  "lockfileVersion": 1,
  "requires": true,
  "dependencies": {
    "@hyperapp/router": {
      "version": "0.7.2",
      "resolved": "https://registry.npmjs.org/@hyperapp/router/-/router-0.7.2.tgz",
      "integrity": "sha512-RXZhJzx0j1UQK/Ia9j7TQlkH1N6qOvJTTEJCIS9NrM1YJabmXGoI0owkvKxieSgXi6EKQ+wUWhXHj9s+Sy9EPA=="
    },
    "@types/node": {
      "version": "10.14.9",
      "resolved": "https://registry.npmjs.org/@types/node/-/node-10.14.9.tgz",
      "integrity": "sha512-NelG/dSahlXYtSoVPErrp06tYFrvzj8XLWmKA+X8x0W//4MqbUyZu++giUG/v0bjAT6/Qxa8IjodrfdACyb0Fg=="
    },
    "aes-js": {
      "version": "3.0.0",
      "resolved": "https://registry.npmjs.org/aes-js/-/aes-js-3.0.0.tgz",
      "integrity": "sha1-4h3xCtbCBTKVvLuNq0Cwnb6ofk0="
    },
    "axios": {
      "version": "0.21.1",
      "resolved": "https://registry.npmjs.org/axios/-/axios-0.21.1.tgz",
      "integrity": "sha512-dKQiRHxGD9PPRIUNIWvZhPTPpl1rf/OxTYKsqKUDjBwYylTvV7SjSHJb9ratfyzM6wCdLCOYLzs73qpg5c4iGA==",
      "requires": {
        "follow-redirects": "^1.10.0"
      }
    },
    "bn.js": {
      "version": "4.11.8",
      "resolved": "https://registry.npmjs.org/bn.js/-/bn.js-4.11.8.tgz",
      "integrity": "sha512-ItfYfPLkWHUjckQCk8xC+LwxgK8NYcXywGigJgSwOP8Y2iyWT4f2vsZnoOXTTbo+o5yXmIUJ4gn5538SO5S3gA=="
    },
    "brorand": {
      "version": "1.1.0",
      "resolved": "https://registry.npmjs.org/brorand/-/brorand-1.1.0.tgz",
      "integrity": "sha1-EsJe/kCkXjwyPrhnWgoM5XsiNx8="
    },
    "elliptic": {
      "version": "6.3.3",
      "resolved": "https://registry.npmjs.org/elliptic/-/elliptic-6.3.3.tgz",
      "integrity": "sha1-VILZZG1UvLif19mU/J4ulWiHbj8=",
      "requires": {
        "bn.js": "4.11.8",
        "brorand": "1.1.0",
        "hash.js": "1.1.3",
        "inherits": "2.0.3"
      }
    },
    "ethers": {
      "version": "4.0.30",
      "resolved": "https://registry.npmjs.org/ethers/-/ethers-4.0.30.tgz",
      "integrity": "sha512-1a39Y+q5zTfrXCLndV+CHsTHq+T5/TvAx5y0S/PKd700C0lfU70CJnU7q89bd+4pIuWp05TkrEsrTj2dXhkcSA==",
      "requires": {
        "@types/node": "10.14.9",
        "aes-js": "3.0.0",
        "bn.js": "4.11.8",
        "elliptic": "6.3.3",
        "hash.js": "1.1.3",
        "js-sha3": "0.5.7",
        "scrypt-js": "2.0.4",
        "setimmediate": "1.0.4",
        "uuid": "2.0.1",
        "xmlhttprequest": "1.8.0"
      }
    },
    "ethers-contracts": {
      "version": "2.2.1",
      "resolved": "https://registry.npmjs.org/ethers-contracts/-/ethers-contracts-2.2.1.tgz",
      "integrity": "sha512-3fT2gyhoDhqp/bgaBOenmyu74dDGGO9adkBaOtEuNmFq0Yf4nwynYWJv++rDxe6Z5Dl5cBF304GhnJUVFVlfCA==",
      "requires": {
        "ethers-utils": "2.1.11"
      }
    },
    "ethers-utils": {
      "version": "2.1.11",
      "resolved": "https://registry.npmjs.org/ethers-utils/-/ethers-utils-2.1.11.tgz",
      "integrity": "sha512-BfkGStBmmLjhTldmp5lifiwUeDjx/yowoWfmUnnvPNsix5PFE8IXQdY5VT/Qo1SXMgxzCe8m0Z8ysUw6Q9OmAw==",
      "requires": {
        "bn.js": "4.11.8",
        "hash.js": "1.1.3",
        "js-sha3": "0.5.7",
        "xmlhttprequest": "1.8.0"
      }
    },
    "ethjs-extras": {
      "version": "0.0.7",
      "resolved": "https://registry.npmjs.org/ethjs-extras/-/ethjs-extras-0.0.7.tgz",
      "integrity": "sha512-1Ml8B6AUVsY+6o1GI861zRiP1KuHnYVu7T7cRVpAAqEqukQsTuTXBbOX1VYPIe5e68+aoqn8fMTGG4FnrYZA+Q==",
      "requires": {
        "ethers-contracts": "2.2.1",
        "ethjs-provider-http": "0.1.6",
        "ethjs-provider-signer": "0.1.4",
        "ethjs-rpc": "0.1.9",
        "js-sha3": "0.7.0",
        "solidity-to-abi": "1.0.4"
      },
      "dependencies": {
        "js-sha3": {
          "version": "0.7.0",
          "resolved": "https://registry.npmjs.org/js-sha3/-/js-sha3-0.7.0.tgz",
          "integrity": "sha512-Wpks3yBDm0UcL5qlVhwW9Jr9n9i4FfeWBFOOXP5puDS/SiudJGhw7DPyBqn3487qD4F0lsC0q3zxink37f7zeA=="
        }
      }
    },
    "ethjs-format": {
      "version": "0.1.8",
      "resolved": "https://registry.npmjs.org/ethjs-format/-/ethjs-format-0.1.8.tgz",
      "integrity": "sha1-kl7N2WXqcqKi2vKhIuW/gLWtUio=",
      "requires": {
        "bn.js": "4.11.6",
        "ethjs-schema": "0.1.4",
        "ethjs-util": "0.1.3",
        "is-hex-prefixed": "1.0.0",
        "number-to-bn": "1.7.0",
        "strip-hex-prefix": "1.0.0"
      },
      "dependencies": {
        "bn.js": {
          "version": "4.11.6",
          "resolved": "https://registry.npmjs.org/bn.js/-/bn.js-4.11.6.tgz",
          "integrity": "sha1-UzRK2xRhehP26N0s4okF0cC6MhU="
        }
      }
    },
    "ethjs-provider-http": {
      "version": "0.1.6",
      "resolved": "https://registry.npmjs.org/ethjs-provider-http/-/ethjs-provider-http-0.1.6.tgz",
      "integrity": "sha1-HsXZtL4lfvHValALIqdBmF6IlCA=",
      "requires": {
        "xhr2": "0.1.3"
      }
    },
    "ethjs-provider-signer": {
      "version": "0.1.4",
      "resolved": "https://registry.npmjs.org/ethjs-provider-signer/-/ethjs-provider-signer-0.1.4.tgz",
      "integrity": "sha1-a9XLOKjVsN30asHiOmDuoXFhca4=",
      "requires": {
        "ethjs-provider-http": "0.1.6",
        "ethjs-rpc": "0.1.2"
      },
      "dependencies": {
        "ethjs-rpc": {
          "version": "0.1.2",
          "resolved": "https://registry.npmjs.org/ethjs-rpc/-/ethjs-rpc-0.1.2.tgz",
          "integrity": "sha1-OaNFa1HFmu6vtbpVZYmlny2ojSY=",
          "requires": {
            "ethjs-format": "0.1.8"
          }
        }
      }
    },
    "ethjs-rpc": {
      "version": "0.1.9",
      "resolved": "https://registry.npmjs.org/ethjs-rpc/-/ethjs-rpc-0.1.9.tgz",
      "integrity": "sha512-KJqT7cgTeCJQ2RY1AlVmTZVnKIUXMPg+niPN5VJKwRSzpjgfr3LTVHlGbkRCqZtOMDi0ogB2vHZaRQiZBXZTUg=="
    },
    "ethjs-schema": {
      "version": "0.1.4",
      "resolved": "https://registry.npmjs.org/ethjs-schema/-/ethjs-schema-0.1.4.tgz",
      "integrity": "sha1-AyOhYzOxrOmo8daWpu5jRI/dRV8="
    },
    "ethjs-util": {
      "version": "0.1.3",
      "resolved": "https://registry.npmjs.org/ethjs-util/-/ethjs-util-0.1.3.tgz",
      "integrity": "sha1-39XqSkANxeQhqInK9H4IGtp4u1U=",
      "requires": {
        "is-hex-prefixed": "1.0.0",
        "strip-hex-prefix": "1.0.0"
      }
    },
    "follow-redirects": {
      "version": "1.13.1",
      "resolved": "https://registry.npmjs.org/follow-redirects/-/follow-redirects-1.13.1.tgz",
      "integrity": "sha512-SSG5xmZh1mkPGyKzjZP8zLjltIfpW32Y5QpdNJyjcfGxK3qo3NDDkZOZSFiGn1A6SclQxY9GzEwAHQ3dmYRWpg=="
    },
    "hash.js": {
      "version": "1.1.3",
      "resolved": "https://registry.npmjs.org/hash.js/-/hash.js-1.1.3.tgz",
      "integrity": "sha512-/UETyP0W22QILqS+6HowevwhEFJ3MBJnwTf75Qob9Wz9t0DPuisL8kW8YZMK62dHAKE1c1p+gY1TtOLY+USEHA==",
      "requires": {
        "inherits": "2.0.3",
        "minimalistic-assert": "1.0.1"
      }
    },
    "hyperapp": {
      "version": "1.2.10",
      "resolved": "https://registry.npmjs.org/hyperapp/-/hyperapp-1.2.10.tgz",
      "integrity": "sha512-6htzCy/Y9QiSXyUGgZhfTqW0NtK7uMlaGS2t/kARJifu5vR4FjMcfC/5lqVs2mLSZ6GdKLEPsMZOVBpHz5X/qg=="
    },
    "hyperapp-styled-components": {
      "version": "0.1.1",
      "resolved": "https://registry.npmjs.org/hyperapp-styled-components/-/hyperapp-styled-components-0.1.1.tgz",
      "integrity": "sha512-EC1sVjZG3M5AKlzU26j+4/6NqPOzYwd9IkEE5/fw9XK15IEatgbgaR6vBCWJT215E8O7TRsvpxEC4WEuXcZ9ZA=="
    },
    "inherits": {
      "version": "2.0.3",
      "resolved": "https://registry.npmjs.org/inherits/-/inherits-2.0.3.tgz",
      "integrity": "sha1-Yzwsg+PaQqUC9SRmAiSA9CCCYd4="
    },
    "is-hex-prefixed": {
      "version": "1.0.0",
      "resolved": "https://registry.npmjs.org/is-hex-prefixed/-/is-hex-prefixed-1.0.0.tgz",
      "integrity": "sha1-fY035q135dEnFIkTxXPggtd39VQ="
    },
    "js-sha3": {
      "version": "0.5.7",
      "resolved": "https://registry.npmjs.org/js-sha3/-/js-sha3-0.5.7.tgz",
      "integrity": "sha1-DU/9gALVMzqrr0oj7tL2N0yfKOc="
    },
    "minimalistic-assert": {
      "version": "1.0.1",
      "resolved": "https://registry.npmjs.org/minimalistic-assert/-/minimalistic-assert-1.0.1.tgz",
      "integrity": "sha512-UtJcAD4yEaGtjPezWuO9wC4nwUnVH/8/Im3yEHQP4b67cXlD/Qr9hdITCU1xDbSEXg2XKNaP8jsReV7vQd00/A=="
    },
    "number-to-bn": {
      "version": "1.7.0",
      "resolved": "https://registry.npmjs.org/number-to-bn/-/number-to-bn-1.7.0.tgz",
      "integrity": "sha1-uzYjWS9+X54AMLGXe9QaDFP+HqA=",
      "requires": {
        "bn.js": "4.11.6",
        "strip-hex-prefix": "1.0.0"
      },
      "dependencies": {
        "bn.js": {
          "version": "4.11.6",
          "resolved": "https://registry.npmjs.org/bn.js/-/bn.js-4.11.6.tgz",
          "integrity": "sha1-UzRK2xRhehP26N0s4okF0cC6MhU="
        }
      }
    },
    "regenerator-runtime": {
      "version": "0.13.2",
      "resolved": "https://registry.npmjs.org/regenerator-runtime/-/regenerator-runtime-0.13.2.tgz",
      "integrity": "sha512-S/TQAZJO+D3m9xeN1WTI8dLKBBiRgXBlTJvbWjCThHWZj9EvHK70Ff50/tYj2J/fvBY6JtFVwRuazHN2E7M9BA=="
    },
    "scrypt-js": {
      "version": "2.0.4",
      "resolved": "https://registry.npmjs.org/scrypt-js/-/scrypt-js-2.0.4.tgz",
      "integrity": "sha512-4KsaGcPnuhtCZQCxFxN3GVYIhKFPTdLd8PLC552XwbMndtD0cjRFAhDuuydXQ0h08ZfPgzqe6EKHozpuH74iDw=="
    },
    "setimmediate": {
      "version": "1.0.4",
      "resolved": "https://registry.npmjs.org/setimmediate/-/setimmediate-1.0.4.tgz",
      "integrity": "sha1-IOgd5iLUoCWIzgyNqJc8vPHTE48="
    },
    "solidity-to-abi": {
      "version": "1.0.4",
      "resolved": "https://registry.npmjs.org/solidity-to-abi/-/solidity-to-abi-1.0.4.tgz",
      "integrity": "sha512-2WZpksSLXBAGHBJvv/+M9zI/W4OGxHY3Hmgb75ZqO9hd1rcJMJx/u0zD8DKRWNuzKBw1f5J91VmntewGIrgRjg=="
    },
    "strip-hex-prefix": {
      "version": "1.0.0",
      "resolved": "https://registry.npmjs.org/strip-hex-prefix/-/strip-hex-prefix-1.0.0.tgz",
      "integrity": "sha1-DF8VX+8RUTczd96du1iNoFUA428=",
      "requires": {
        "is-hex-prefixed": "1.0.0"
      }
    },
    "uuid": {
      "version": "2.0.1",
      "resolved": "https://registry.npmjs.org/uuid/-/uuid-2.0.1.tgz",
      "integrity": "sha1-wqMN7bPlNdcsz4LjQ5QaULqFM6w="
    },
    "xhr2": {
      "version": "0.1.3",
      "resolved": "https://registry.npmjs.org/xhr2/-/xhr2-0.1.3.tgz",
      "integrity": "sha1-y/xHWaabSoiOeM9PILBRA4dXvRE="
    },
    "xmlhttprequest": {
      "version": "1.8.0",
      "resolved": "https://registry.npmjs.org/xmlhttprequest/-/xmlhttprequest-1.8.0.tgz",
      "integrity": "sha1-Z/4HXFwk/vOfnWX197f+dRcZaPw="
    }
  }
}
